// !$*UTF8*$!
{
	archiveVersion = 1;
	classes = {
	};
	objectVersion = 46;
	objects = {

/* Begin PBXBuildFile section */
		3FDE7CA91B7D829400526CB6 /* main.m in Sources */ = {isa = PBXBuildFile; fileRef = 3FDE7CA81B7D829400526CB6 /* main.m */; };
		3FDE7CAC1B7D829400526CB6 /* AppDelegate.m in Sources */ = {isa = PBXBuildFile; fileRef = 3FDE7CAB1B7D829400526CB6 /* AppDelegate.m */; };
		3FDE7CAF1B7D829400526CB6 /* ViewController.m in Sources */ = {isa = PBXBuildFile; fileRef = 3FDE7CAE1B7D829400526CB6 /* ViewController.m */; };
		3FDE7CB21B7D829400526CB6 /* Main.storyboard in Resources */ = {isa = PBXBuildFile; fileRef = 3FDE7CB01B7D829400526CB6 /* Main.storyboard */; };
		3FDE7CB41B7D829400526CB6 /* Images.xcassets in Resources */ = {isa = PBXBuildFile; fileRef = 3FDE7CB31B7D829400526CB6 /* Images.xcassets */; };
		3FDE7CB71B7D829400526CB6 /* LaunchScreen.xib in Resources */ = {isa = PBXBuildFile; fileRef = 3FDE7CB51B7D829400526CB6 /* LaunchScreen.xib */; };
		3FDE7CC31B7D829400526CB6 /* subiancs_yuancheng_gitTests.m in Sources */ = {isa = PBXBuildFile; fileRef = 3FDE7CC21B7D829400526CB6 /* subiancs_yuancheng_gitTests.m */; };
/* End PBXBuildFile section */

/* Begin PBXContainerItemProxy section */
		3FDE7CBD1B7D829400526CB6 /* PBXContainerItemProxy */ = {
			isa = PBXContainerItemProxy;
			containerPortal = 3FDE7C9B1B7D829400526CB6 /* Project object */;
			proxyType = 1;
			remoteGlobalIDString = 3FDE7CA21B7D829400526CB6;
			remoteInfo = subiancs_yuancheng_git;
		};
/* End PBXContainerItemProxy section */

/* Begin PBXFileReference section */
		3FDE7CA31B7D829400526CB6 /* subiancs_yuancheng_git.app */ = {isa = PBXFileReference; explicitFileType = wrapper.application; includeInIndex = 0; path = subiancs_yuancheng_git.app; sourceTree = BUILT_PRODUCTS_DIR; };
		3FDE7CA71B7D829400526CB6 /* Info.plist */ = {isa = PBXFileReference; lastKnownFileType = text.plist.xml; path = Info.plist; sourceTree = "<group>"; };
		3FDE7CA81B7D829400526CB6 /* main.m */ = {isa = PBXFileReference; lastKnownFileType = sourcecode.c.objc; path = main.m; sourceTree = "<group>"; };
		3FDE7CAA1B7D829400526CB6 /* AppDelegate.h */ = {isa = PBXFileReference; lastKnownFileType = sourcecode.c.h; path = AppDelegate.h; sourceTree = "<group>"; };
		3FDE7CAB1B7D829400526CB6 /* AppDelegate.m */ = {isa = PBXFileReference; lastKnownFileType = sourcecode.c.objc; path = AppDelegate.m; sourceTree = "<group>"; };
		3FDE7CAD1B7D829400526CB6 /* ViewController.h */ = {isa = PBXFileReference; lastKnownFileType = sourcecode.c.h; path = ViewController.h; sourceTree = "<group>"; };
		3FDE7CAE1B7D829400526CB6 /* ViewController.m */ = {isa = PBXFileReference; lastKnownFileType = sourcecode.c.objc; path = ViewController.m; sourceTree = "<group>"; };
		3FDE7CB11B7D829400526CB6 /* Base */ = {isa = PBXFileReference; lastKnownFileType = file.storyboard; name = Base; path = Base.lproj/Main.storyboard; sourceTree = "<group>"; };
		3FDE7CB31B7D829400526CB6 /* Images.xcassets */ = {isa = PBXFileReference; lastKnownFileType = folder.assetcatalog; path = Images.xcassets; sourceTree = "<group>"; };
		3FDE7CB61B7D829400526CB6 /* Base */ = {isa = PBXFileReference; lastKnownFileType = file.xib; name = Base; path = Base.lproj/LaunchScreen.xib; sourceTree = "<group>"; };
		3FDE7CBC1B7D829400526CB6 /* subiancs_yuancheng_gitTests.xctest */ = {isa = PBXFileReference; explicitFileType = wrapper.cfbundle; includeInIndex = 0; path = subiancs_yuancheng_gitTests.xctest; sourceTree = BUILT_PRODUCTS_DIR; };
		3FDE7CC11B7D829400526CB6 /* Info.plist */ = {isa = PBXFileReference; lastKnownFileType = text.plist.xml; path = Info.plist; sourceTree = "<group>"; };
		3FDE7CC21B7D829400526CB6 /* subiancs_yuancheng_gitTests.m */ = {isa = PBXFileReference; lastKnownFileType = sourcecode.c.objc; path = subiancs_yuancheng_gitTests.m; sourceTree = "<group>"; };
/* End PBXFileReference section */

/* Begin PBXFrameworksBuildPhase section */
		3FDE7CA01B7D829400526CB6 /* Frameworks */ = {
			isa = PBXFrameworksBuildPhase;
			buildActionMask = 2147483647;
			files = (
			);
			runOnlyForDeploymentPostprocessing = 0;
		};
		3FDE7CB91B7D829400526CB6 /* Frameworks */ = {
			isa = PBXFrameworksBuildPhase;
			buildActionMask = 2147483647;
			files = (
			);
			runOnlyForDeploymentPostprocessing = 0;
		};
/* End PBXFrameworksBuildPhase section */

/* Begin PBXGroup section */
		3FDE7C9A1B7D829400526CB6 = {
			isa = PBXGroup;
			children = (
				3FDE7CA51B7D829400526CB6 /* subiancs_yuancheng_git */,
				3FDE7CBF1B7D829400526CB6 /* subiancs_yuancheng_gitTests */,
				3FDE7CA41B7D829400526CB6 /* Products */,
			);
			sourceTree = "<group>";
		};
		3FDE7CA41B7D829400526CB6 /* Products */ = {
			isa = PBXGroup;
			children = (
				3FDE7CA31B7D829400526CB6 /* subiancs_yuancheng_git.app */,
				3FDE7CBC1B7D829400526CB6 /* subiancs_yuancheng_gitTests.xctest */,
			);
			name = Products;
			sourceTree = "<group>";
		};
		3FDE7CA51B7D829400526CB6 /* subiancs_yuancheng_git */ = {
			isa = PBXGroup;
			children = (
				3FDE7CAA1B7D829400526CB6 /* AppDelegate.h */,
				3FDE7CAB1B7D829400526CB6 /* AppDelegate.m */,
				3FDE7CAD1B7D829400526CB6 /* ViewController.h */,
				3FDE7CAE1B7D829400526CB6 /* ViewController.m */,
				3FDE7CB01B7D829400526CB6 /* Main.storyboard */,
				3FDE7CB31B7D829400526CB6 /* Images.xcassets */,
				3FDE7CB51B7D829400526CB6 /* LaunchScreen.xib */,
				3FDE7CA61B7D829400526CB6 /* Supporting Files */,
			);
			path = subiancs_yuancheng_git;
			sourceTree = "<group>";
		};
		3FDE7CA61B7D829400526CB6 /* Supporting Files */ = {
			isa = PBXGroup;
			children = (
				3FDE7CA71B7D829400526CB6 /* Info.plist */,
				3FDE7CA81B7D829400526CB6 /* main.m */,
			);
			name = "Supporting Files";
			sourceTree = "<group>";
		};
		3FDE7CBF1B7D829400526CB6 /* subiancs_yuancheng_gitTests */ = {
			isa = PBXGroup;
			children = (
				3FDE7CC21B7D829400526CB6 /* subiancs_yuancheng_gitTests.m */,
				3FDE7CC01B7D829400526CB6 /* Supporting Files */,
			);
			path = subiancs_yuancheng_gitTests;
			sourceTree = "<group>";
		};
		3FDE7CC01B7D829400526CB6 /* Supporting Files */ = {
			isa = PBXGroup;
			children = (
				3FDE7CC11B7D829400526CB6 /* Info.plist */,
			);
			name = "Supporting Files";
			sourceTree = "<group>";
		};
/* End PBXGroup section */

/* Begin PBXNativeTarget section */
		3FDE7CA21B7D829400526CB6 /* subiancs_yuancheng_git */ = {
			isa = PBXNativeTarget;
			buildConfigurationList = 3FDE7CC61B7D829400526CB6 /* Build configuration list for PBXNativeTarget "subiancs_yuancheng_git" */;
			buildPhases = (
				3FDE7C9F1B7D829400526CB6 /* Sources */,
				3FDE7CA01B7D829400526CB6 /* Frameworks */,
				3FDE7CA11B7D829400526CB6 /* Resources */,
			);
			buildRules = (
			);
			dependencies = (
			);
			name = subiancs_yuancheng_git;
			productName = subiancs_yuancheng_git;
			productReference = 3FDE7CA31B7D829400526CB6 /* subiancs_yuancheng_git.app */;
			productType = "com.apple.product-type.application";
		};
		3FDE7CBB1B7D829400526CB6 /* subiancs_yuancheng_gitTests */ = {
			isa = PBXNativeTarget;
			buildConfigurationList = 3FDE7CC91B7D829400526CB6 /* Build configuration list for PBXNativeTarget "subiancs_yuancheng_gitTests" */;
			buildPhases = (
				3FDE7CB81B7D829400526CB6 /* Sources */,
				3FDE7CB91B7D829400526CB6 /* Frameworks */,
				3FDE7CBA1B7D829400526CB6 /* Resources */,
			);
			buildRules = (
			);
			dependencies = (
				3FDE7CBE1B7D829400526CB6 /* PBXTargetDependency */,
			);
			name = subiancs_yuancheng_gitTests;
			productName = subiancs_yuancheng_gitTests;
			productReference = 3FDE7CBC1B7D829400526CB6 /* subiancs_yuancheng_gitTests.xctest */;
			productType = "com.apple.product-type.bundle.unit-test";
		};
/* End PBXNativeTarget section */

/* Begin PBXProject section */
		3FDE7C9B1B7D829400526CB6 /* Project object */ = {
			isa = PBXProject;
			attributes = {
				LastUpgradeCheck = 0620;
				ORGANIZATIONNAME = lanou3g;
				TargetAttributes = {
					3FDE7CA21B7D829400526CB6 = {
						CreatedOnToolsVersion = 6.2;
					};
					3FDE7CBB1B7D829400526CB6 = {
						CreatedOnToolsVersion = 6.2;
						TestTargetID = 3FDE7CA21B7D829400526CB6;
					};
				};
			};
			buildConfigurationList = 3FDE7C9E1B7D829400526CB6 /* Build configuration list for PBXProject "subiancs_yuancheng_git" */;
			compatibilityVersion = "Xcode 3.2";
			developmentRegion = English;
			hasScannedForEncodings = 0;
			knownRegions = (
				en,
				Base,
			);
			mainGroup = 3FDE7C9A1B7D829400526CB6;
			productRefGroup = 3FDE7CA41B7D829400526CB6 /* Products */;
			projectDirPath = "";
			projectRoot = "";
			targets = (
				3FDE7CA21B7D829400526CB6 /* subiancs_yuancheng_git */,
				3FDE7CBB1B7D829400526CB6 /* subiancs_yuancheng_gitTests */,
			);
		};
/* End PBXProject section */

/* Begin PBXResourcesBuildPhase section */
		3FDE7CA11B7D829400526CB6 /* Resources */ = {
			isa = PBXResourcesBuildPhase;
			buildActionMask = 2147483647;
			files = (
				3FDE7CB21B7D829400526CB6 /* Main.storyboard in Resources */,
				3FDE7CB71B7D829400526CB6 /* LaunchScreen.xib in Resources */,
				3FDE7CB41B7D829400526CB6 /* Images.xcassets in Resources */,
			);
			runOnlyForDeploymentPostprocessing = 0;
		};
		3FDE7CBA1B7D829400526CB6 /* Resources */ = {
			isa = PBXResourcesBuildPhase;
			buildActionMask = 2147483647;
			files = (
			);
			runOnlyForDeploymentPostprocessing = 0;
		};
/* End PBXResourcesBuildPhase section */

/* Begin PBXSourcesBuildPhase section */
		3FDE7C9F1B7D829400526CB6 /* Sources */ = {
			isa = PBXSourcesBuildPhase;
			buildActionMask = 2147483647;
			files = (
				3FDE7CAF1B7D829400526CB6 /* ViewController.m in Sources */,
				3FDE7CAC1B7D829400526CB6 /* AppDelegate.m in Sources */,
				3FDE7CA91B7D829400526CB6 /* main.m in Sources */,
			);
			runOnlyForDeploymentPostprocessing = 0;
		};
		3FDE7CB81B7D829400526CB6 /* Sources */ = {
			isa = PBXSourcesBuildPhase;
			buildActionMask = 2147483647;
			files = (
				3FDE7CC31B7D829400526CB6 /* subiancs_yuancheng_gitTests.m in Sources */,
			);
			runOnlyForDeploymentPostprocessing = 0;
		};
/* End PBXSourcesBuildPhase section */

/* Begin PBXTargetDependency section */
		3FDE7CBE1B7D829400526CB6 /* PBXTargetDependency */ = {
			isa = PBXTargetDependency;
			target = 3FDE7CA21B7D829400526CB6 /* subiancs_yuancheng_git */;
			targetProxy = 3FDE7CBD1B7D829400526CB6 /* PBXContainerItemProxy */;
		};
/* End PBXTargetDependency section */

/* Begin PBXVariantGroup section */
		3FDE7CB01B7D829400526CB6 /* Main.storyboard */ = {
			isa = PBXVariantGroup;
			children = (
				3FDE7CB11B7D829400526CB6 /* Base */,
			);
			name = Main.storyboard;
			sourceTree = "<group>";
		};
		3FDE7CB51B7D829400526CB6 /* LaunchScreen.xib */ = {
			isa = PBXVariantGroup;
			children = (
				3FDE7CB61B7D829400526CB6 /* Base */,
			);
			name = LaunchScreen.xib;
			sourceTree = "<group>";
		};
/* End PBXVariantGroup section */

/* Begin XCBuildConfiguration section */
		3FDE7CC41B7D829400526CB6 /* Debug */ = {
			isa = XCBuildConfiguration;
			buildSettings = {
				ALWAYS_SEARCH_USER_PATHS = NO;
				CLANG_CXX_LANGUAGE_STANDARD = "gnu++0x";
				CLANG_CXX_LIBRARY = "libc++";
				CLANG_ENABLE_MODULES = YES;
				CLANG_ENABLE_OBJC_ARC = YES;
				CLANG_WARN_BOOL_CONVERSION = YES;
				CLANG_WARN_CONSTANT_CONVERSION = YES;
				CLANG_WARN_DIRECT_OBJC_ISA_USAGE = YES_ERROR;
				CLANG_WARN_EMPTY_BODY = YES;
				CLANG_WARN_ENUM_CONVERSION = YES;
				CLANG_WARN_INT_CONVERSION = YES;
				CLANG_WARN_OBJC_ROOT_CLASS = YES_ERROR;
				CLANG_WARN_UNREACHABLE_CODE = YES;
				CLANG_WARN__DUPLICATE_METHOD_MATCH = YES;
				"CODE_SIGN_IDENTITY[sdk=iphoneos*]" = "iPhone Developer";
				COPY_PHASE_STRIP = NO;
				ENABLE_STRICT_OBJC_MSGSEND = YES;
				GCC_C_LANGUAGE_STANDARD = gnu99;
				GCC_DYNAMIC_NO_PIC = NO;
				GCC_OPTIMIZATION_LEVEL = 0;
				GCC_PREPROCESSOR_DEFINITIONS = (
					"DEBUG=1",
					"$(inherited)",
				);
				GCC_SYMBOLS_PRIVATE_EXTERN = NO;
				GCC_WARN_64_TO_32_BIT_CONVERSION = YES;
				GCC_WARN_ABOUT_RETURN_TYPE = YES_ERROR;
				GCC_WARN_UNDECLARED_SELECTOR = YES;
				GCC_WARN_UNINITIALIZED_AUTOS = YES_AGGRESSIVE;
				GCC_WARN_UNUSED_FUNCTION = YES;
				GCC_WARN_UNUSED_VARIABLE = YES;
				IPHONEOS_DEPLOYMENT_TARGET = 8.2;
				MTL_ENABLE_DEBUG_INFO = YES;
				ONLY_ACTIVE_ARCH = YES;
				SDKROOT = iphoneos;
			};
			name = Debug;
		};
		3FDE7CC51B7D829400526CB6 /* Release */ = {
			isa = XCBuildConfiguration;
			buildSettings = {
				ALWAYS_SEARCH_USER_PATHS = NO;
				CLANG_CXX_LANGUAGE_STANDARD = "gnu++0x";
				CLANG_CXX_LIBRARY = "libc++";
				CLANG_ENABLE_MODULES = YES;
				CLANG_ENABLE_OBJC_ARC = YES;
				CLANG_WARN_BOOL_CONVERSION = YES;
				CLANG_WARN_CONSTANT_CONVERSION = YES;
				CLANG_WARN_DIRECT_OBJC_ISA_USAGE = YES_ERROR;
				CLANG_WARN_EMPTY_BODY = YES;
				CLANG_WARN_ENUM_CONVERSION = YES;
				CLANG_WARN_INT_CONVERSION = YES;
				CLANG_WARN_OBJC_ROOT_CLASS = YES_ERROR;
				CLANG_WARN_UNREACHABLE_CODE = YES;
				CLANG_WARN__DUPLICATE_METHOD_MATCH = YES;
				"CODE_SIGN_IDENTITY[sdk=iphoneos*]" = "iPhone Developer";
				COPY_PHASE_STRIP = NO;
				ENABLE_NS_ASSERTIONS = NO;
				ENABLE_STRICT_OBJC_MSGSEND = YES;
				GCC_C_LANGUAGE_STANDARD = gnu99;
				GCC_WARN_64_TO_32_BIT_CONVERSION = YES;
				GCC_WARN_ABOUT_RETURN_TYPE = YES_ERROR;
				GCC_WARN_UNDECLARED_SELECTOR = YES;
				GCC_WARN_UNINITIALIZED_AUTOS = YES_AGGRESSIVE;
				GCC_WARN_UNUSED_FUNCTION = YES;
				GCC_WARN_UNUSED_VARIABLE = YES;
				IPHONEOS_DEPLOYMENT_TARGET = 8.2;
				MTL_ENABLE_DEBUG_INFO = NO;
				SDKROOT = iphoneos;
				VALIDATE_PRODUCT = YES;
			};
			name = Release;
		};
		3FDE7CC71B7D829400526CB6 /* Debug */ = {
			isa = XCBuildConfiguration;
			buildSettings = {
				ASSETCATALOG_COMPILER_APPICON_NAME = AppIcon;
				INFOPLIST_FILE = subiancs_yuancheng_git/Info.plist;
				LD_RUNPATH_SEARCH_PATHS = "$(inherited) @executable_path/Frameworks";
				PRODUCT_NAME = "$(TARGET_NAME)";
			};
			name = Debug;
		};
		3FDE7CC81B7D829400526CB6 /* Release */ = {
			isa = XCBuildConfiguration;
			buildSettings = {
				ASSETCATALOG_COMPILER_APPICON_NAME = AppIcon;
				INFOPLIST_FILE = subiancs_yuancheng_git/Info.plist;
				LD_RUNPATH_SEARCH_PATHS = "$(inherited) @executable_path/Frameworks";
				PRODUCT_NAME = "$(TARGET_NAME)";
			};
			name = Release;
		};
		3FDE7CCA1B7D829400526CB6 /* Debug */ = {
			isa = XCBuildConfiguration;
			buildSettings = {
				BUNDLE_LOADER = "$(TEST_HOST)";
				FRAMEWORK_SEARCH_PATHS = (
					"$(SDKROOT)/Developer/Library/Frameworks",
					"$(inherited)",
				);
				GCC_PREPROCESSOR_DEFINITIONS = (
					"DEBUG=1",
					"$(inherited)",
				);
				INFOPLIST_FILE = subiancs_yuancheng_gitTests/Info.plist;
				LD_RUNPATH_SEARCH_PATHS = "$(inherited) @executable_path/Frameworks @loader_path/Frameworks";
				PRODUCT_NAME = "$(TARGET_NAME)";
				TEST_HOST = "$(BUILT_PRODUCTS_DIR)/subiancs_yuancheng_git.app/subiancs_yuancheng_git";
			};
			name = Debug;
		};
		3FDE7CCB1B7D829400526CB6 /* Release */ = {
			isa = XCBuildConfiguration;
			buildSettings = {
				BUNDLE_LOADER = "$(TEST_HOST)";
				FRAMEWORK_SEARCH_PATHS = (
					"$(SDKROOT)/Developer/Library/Frameworks",
					"$(inherited)",
				);
				INFOPLIST_FILE = subiancs_yuancheng_gitTests/Info.plist;
				LD_RUNPATH_SEARCH_PATHS = "$(inherited) @executable_path/Frameworks @loader_path/Frameworks";
				PRODUCT_NAME = "$(TARGET_NAME)";
				TEST_HOST = "$(BUILT_PRODUCTS_DIR)/subiancs_yuancheng_git.app/subiancs_yuancheng_git";
			};
			name = Release;
		};
/* End XCBuildConfiguration section */

/* Begin XCConfigurationList section */
		3FDE7C9E1B7D829400526CB6 /* Build configuration list for PBXProject "subiancs_yuancheng_git" */ = {
			isa = XCConfigurationList;
			buildConfigurations = (
				3FDE7CC41B7D829400526CB6 /* Debug */,
				3FDE7CC51B7D829400526CB6 /* Release */,
			);
			defaultConfigurationIsVisible = 0;
			defaultConfigurationName = Release;
		};
		3FDE7CC61B7D829400526CB6 /* Build configuration list for PBXNativeTarget "subiancs_yuancheng_git" */ = {
			isa = XCConfigurationList;
			buildConfigurations = (
				3FDE7CC71B7D829400526CB6 /* Debug */,
				3FDE7CC81B7D829400526CB6 /* Release */,
			);
			defaultConfigurationIsVisible = 0;
		};
		3FDE7CC91B7D829400526CB6 /* Build configuration list for PBXNativeTarget "subiancs_yuancheng_gitTests" */ = {
			isa = XCConfigurationList;
			buildConfigurations = (
				3FDE7CCA1B7D829400526CB6 /* Debug */,
				3FDE7CCB1B7D829400526CB6 /* Release */,
			);
			defaultConfigurationIsVisible = 0;
		};
/* End XCConfigurationList section */
	};
	rootObject = 3FDE7C9B1B7D829400526CB6 /* Project object */;
}
